github.com/crescolincs/lincs-theme v0.0.0-20240411183439-3d914405f255 h1:KlGVBmf0IkAaW59sByqA+idm1tVZ1OY/CeolRuM4Ubo=
github.com/crescolincs/lincs-theme v0.0.0-20240411183439-3d914405f255/go.mod h1:ni1ll4vPX/ckofk6OO22SrUB+Vgms2jSZSE5gRuN+UY=
github.com/crescolincs/lincs-theme v0.0.0-20240413142503-e014b0126658 h1:UYTkG4RkCd7SOaaln56IVf5788GwzYXO0t7DGRcp2+o=
github.com/crescolincs/lincs-theme v0.0.0-20240413142503-e014b0126658/go.mod h1:ni1ll4vPX/ckofk6OO22SrUB+Vgms2jSZSE5gRuN+UY=
github.com/crescolincs/lincs-theme v0.0.0-20240415223037-8f4e3b30f828 h1:5NfW+GA+4iT6sC9IG70wN8QDd0qP+i9fmYv2h8HqGAs=
github.com/crescolincs/lincs-theme v0.0.0-20240415223037-8f4e3b30f828/go.mod h1:ni1ll4vPX/ckofk6OO22SrUB+Vgms2jSZSE5gRuN+UY=
github.com/crescolincs/lincs-theme v0.0.0-20240416115914-3b9a224865be h1:B3Vi6EmjDXcCYOtRM0hfNznV6wN/1eJKftq25MgVy5w=
github.com/crescolincs/lincs-theme v0.0.0-20240416115914-3b9a224865be/go.mod h1:ni1ll4vPX/ckofk6OO22SrUB+Vgms2jSZSE5gRuN+UY=
github.com/crescolincs/lincs-theme v0.0.0-20240417095125-01512f2e93c0 h1:4J3yfV/W4TYco4pejuaWdMMBFNhwqMN6OEjEl+Kjp2c=
github.com/crescolincs/lincs-theme v0.0.0-20240417095125-01512f2e93c0/go.mod h1:ni1ll4vPX/ckofk6OO22SrUB+Vgms2jSZSE5gRuN+UY=
github.com/crescolincs/lincs-theme v0.0.0-20240417102651-52e536b57e09 h1:TE44PNoDtZDXIifXuijOAdNeTXKgAvrmBr13wPlvXzA=
github.com/crescolincs/lincs-theme v0.0.0-20240417102651-52e536b57e09/go.mod h1:ni1ll4vPX/ckofk6OO22SrUB+Vgms2jSZSE5gRuN+UY=
github.com/crescolincs/lincs-theme v0.0.0-20240417103410-7938ae4116f8 h1:BiuuWL1wVAL45V1Je1g8LAlwrSDE8ped3iv3t4DbFP8=
github.com/crescolincs/lincs-theme v0.0.0-20240417103410-7938ae4116f8/go.mod h1:ni1ll4vPX/ckofk6OO22SrUB+Vgms2jSZSE5gRuN+UY=
github.com/crescolincs/lincs-theme v0.0.0-20240417181533-51c9946b3398 h1:b/uDjQGgc2P2e0ko62e5y1p0I6UyN1reBOnEG8Qn1zw=
github.com/crescolincs/lincs-theme v0.0.0-20240417181533-51c9946b3398/go.mod h1:ni1ll4vPX/ckofk6OO22SrUB+Vgms2jSZSE5gRuN+UY=
github.com/crescolincs/lincs-theme v0.0.0-20240419083824-c89a6eff69cd h1:VPz2oql2kH/C7GpWaKsh3W2FPwh688naWemiTa8SYzY=
github.com/crescolincs/lincs-theme v0.0.0-20240419083824-c89a6eff69cd/go.mod h1:ni1ll4vPX/ckofk6OO22SrUB+Vgms2jSZSE5gRuN+UY=
github.com/crescolincs/lincs-theme v0.0.0-20240419110615-88b8d4e4ac16 h1:GyTZFGZADwcoYNhMEler+oB6FYqNo8gbcdsqRDG87gE=
github.com/crescolincs/lincs-theme v0.0.0-20240419110615-88b8d4e4ac16/go.mod h1:ni1ll4vPX/ckofk6OO22SrUB+Vgms2jSZSE5gRuN+UY=
github.com/crescolincs/lincs-theme v0.0.0-20240419210214-a14bbd8c37a5 h1:EhLZeydGh/F3snkD8I/02s3Y7Ieub/idbE+at7YIzQI=
github.com/crescolincs/lincs-theme v0.0.0-20240419210214-a14bbd8c37a5/go.mod h1:ni1ll4vPX/ckofk6OO22SrUB+Vgms2jSZSE5gRuN+UY=
github.com/crescolincs/lincs-theme v0.0.0-20240420171755-926f2660ea97 h1:o9/2SECAYRjw35gS0UTlxAnOfESy7YjB47Jjdl4aLcg=
github.com/crescolincs/lincs-theme v0.0.0-20240420171755-926f2660ea97/go.mod h1:ni1ll4vPX/ckofk6OO22SrUB+Vgms2jSZSE5gRuN+UY=
github.com/crescolincs/lincs-theme v0.0.0-20240421140251-a334700e6fc6 h1:SurAQvNPIMVQid60LRcNCSJHHxJTctfcQ5UUBGcDIVU=
github.com/crescolincs/lincs-theme v0.0.0-20240421140251-a334700e6fc6/go.mod h1:ni1ll4vPX/ckofk6OO22SrUB+Vgms2jSZSE5gRuN+UY=
github.com/crescolincs/lincs-theme v0.0.0-20240501133720-23dfa4659406 h1:hAXdq5TBor9cU92I9v4LXGstoYiAlusoXdZikOSYyFE=
github.com/crescolincs/lincs-theme v0.0.0-20240501133720-23dfa4659406/go.mod h1:ni1ll4vPX/ckofk6OO22SrUB+Vgms2jSZSE5gRuN+UY=
github.com/crescolincs/lincs-theme v0.0.0-20240508141336-829f092ec981 h1:Uaz1yZvxa7iOKin9oJYUG9lH9yZ+mFrWPkauDize3qY=
github.com/crescolincs/lincs-theme v0.0.0-20240508141336-829f092ec981/go.mod h1:ni1ll4vPX/ckofk6OO22SrUB+Vgms2jSZSE5gRuN+UY=
